
Microsoft Visual Studio Solution File, Format Version 12.00
# Visual Studio Version 16
VisualStudioVersion = 16.0.32228.343
MinimumVisualStudioVersion = 10.0.40219.1
Project("{FAE04EC0-301F-11D3-BF4B-00C04F79EFBC}") = "Not so easy refrigeration", "Not so easy refrigeration.csproj", "{F0075AF0-663E-47ED-9F7E-B939B1413C9D}"
EndProject
Global
	GlobalSection(SolutionConfigurationPlatforms) = preSolution
		Release|Any CPU = Release|Any CPU
	EndGlobalSection
	GlobalSection(ProjectConfigurationPlatforms) = postSolution
		{F0075AF0-663E-47ED-9F7E-B939B1413C9D}.Release|Any CPU.ActiveCfg = Release|Any CPU
		{F0075AF0-663E-47ED-9F7E-B939B1413C9D}.Release|Any CPU.Build.0 = Release|Any CPU
	EndGlobalSection
	GlobalSection(SolutionProperties) = preSolution
		HideSolutionNode = FALSE
	EndGlobalSection
	GlobalSection(ExtensibilityGlobals) = postSolution
		SolutionGuid = {D5EC0328-8A58-40F6-80A4-C7815ECDCE52}
	EndGlobalSection
EndGlobal
